
Microsoft Visual Studio Solution File, Format Version 12.00
# Visual Studio 15
VisualStudioVersion = 15.0.28307.1684
MinimumVisualStudioVersion = 10.0.40219.1
Project("{FAE04EC0-301F-11D3-BF4B-00C04F79EFBC}") = "WindowsEscuela", "WindowsEscuela\WindowsEscuela.csproj", "{F273CABE-BC90-4C3A-A97E-AFBD8E984008}"
EndProject
Project("{FAE04EC0-301F-11D3-BF4B-00C04F79EFBC}") = "LibreriaEscuela", "LibreriaEscuela\LibreriaEscuela.csproj", "{A823BEC5-3810-476A-925C-9863CE601440}"
EndProject
Global
	GlobalSection(SolutionConfigurationPlatforms) = preSolution
		Debug|Any CPU = Debug|Any CPU
		Release|Any CPU = Release|Any CPU
	EndGlobalSection
	GlobalSection(ProjectConfigurationPlatforms) = postSolution
		{F273CABE-BC90-4C3A-A97E-AFBD8E984008}.Debug|Any CPU.ActiveCfg = Debug|Any CPU
		{F273CABE-BC90-4C3A-A97E-AFBD8E984008}.Debug|Any CPU.Build.0 = Debug|Any CPU
		{F273CABE-BC90-4C3A-A97E-AFBD8E984008}.Release|Any CPU.ActiveCfg = Release|Any CPU
		{F273CABE-BC90-4C3A-A97E-AFBD8E984008}.Release|Any CPU.Build.0 = Release|Any CPU
		{A823BEC5-3810-476A-925C-9863CE601440}.Debug|Any CPU.ActiveCfg = Debug|Any CPU
		{A823BEC5-3810-476A-925C-9863CE601440}.Debug|Any CPU.Build.0 = Debug|Any CPU
		{A823BEC5-3810-476A-925C-9863CE601440}.Release|Any CPU.ActiveCfg = Release|Any CPU
		{A823BEC5-3810-476A-925C-9863CE601440}.Release|Any CPU.Build.0 = Release|Any CPU
	EndGlobalSection
	GlobalSection(SolutionProperties) = preSolution
		HideSolutionNode = FALSE
	EndGlobalSection
	GlobalSection(ExtensibilityGlobals) = postSolution
		SolutionGuid = {EC457129-7824-4969-90F6-EC7D8C8CB680}
	EndGlobalSection
EndGlobal
